# generated by rye
# use `rye lock` or `rye sync` to update this lockfile
#
# last locked with the following flags:
#   pre: false
#   features: []
#   all-features: false
#   with-sources: false

-e file:.
alembic==1.13.1
    # via flask-migrate
annotated-types==0.6.0
    # via pydantic
anyio==4.3.0
    # via httpx
apifairy==1.4.0
    # via py-flask-vola
apispec==6.6.0
    # via apifairy
black==24.4.0
blinker==1.7.0
    # via flask
certifi==2024.2.2
    # via httpcore
    # via httpx
click==8.1.7
    # via black
    # via flask
colorama==0.4.6
    # via click
    # via pytest
deprecation==2.1.0
    # via postgrest
flake8==7.0.0
flask==3.0.3
    # via apifairy
    # via flask-admin
    # via flask-httpauth
    # via flask-marshmallow
    # via flask-migrate
    # via flask-sqlalchemy
    # via py-flask-vola
flask-admin==1.6.1
    # via py-flask-vola
flask-httpauth==4.8.0
    # via apifairy
flask-marshmallow==1.2.1
    # via apifairy
    # via py-flask-vola
flask-migrate==4.0.7
    # via py-flask-vola
flask-sqlalchemy==3.1.1
    # via flask-migrate
    # via flask-sqlalchemy-stubs
    # via py-flask-vola
flask-sqlalchemy-stubs @ git+https://github.com/ssfdust/flask-sqlalchemy-stubs@b75b56d5a4331a20fc7f97d1b1982b9f02806b70
gotrue==2.4.2
    # via supabase
greenlet==3.0.3
    # via sqlalchemy
gunicorn==21.2.0
    # via py-flask-vola
h11==0.14.0
    # via httpcore
httpcore==1.0.5
    # via httpx
httpx==0.27.0
    # via gotrue
    # via postgrest
    # via storage3
    # via supabase
    # via supafunc
idna==3.7
    # via anyio
    # via httpx
iniconfig==2.0.0
    # via pytest
isort==5.13.2
itsdangerous==2.1.2
    # via flask
jinja2==3.1.3
    # via flask
mako==1.3.3
    # via alembic
markupsafe==2.1.5
    # via jinja2
    # via mako
    # via werkzeug
    # via wtforms
marshmallow==3.21.1
    # via flask-marshmallow
    # via marshmallow-sqlalchemy
    # via webargs
marshmallow-sqlalchemy==1.0.0
    # via py-flask-vola
mccabe==0.7.0
    # via flake8
mypy==1.9.0
    # via flask-sqlalchemy-stubs
    # via sqlalchemy-stubs
mypy-extensions==1.0.0
    # via black
    # via mypy
packaging==24.0
    # via apispec
    # via black
    # via deprecation
    # via gunicorn
    # via marshmallow
    # via pytest
    # via webargs
pathspec==0.12.1
    # via black
platformdirs==4.2.0
    # via black
pluggy==1.4.0
    # via pytest
postgrest==0.16.3
    # via supabase
psycopg2-binary==2.9.9
    # via py-flask-vola
pycodestyle==2.11.1
    # via flake8
pydantic==2.7.0
    # via gotrue
    # via postgrest
pydantic-core==2.18.1
    # via pydantic
pyflakes==3.2.0
    # via flake8
pytest==8.1.1
python-dateutil==2.9.0.post0
    # via realtime
    # via storage3
python-dotenv==1.0.1
    # via py-flask-vola
realtime==1.0.4
    # via supabase
six==1.16.0
    # via python-dateutil
sniffio==1.3.1
    # via anyio
    # via httpx
sqlalchemy==2.0.29
    # via alembic
    # via flask-sqlalchemy
    # via marshmallow-sqlalchemy
sqlalchemy-stubs==0.4
    # via flask-sqlalchemy-stubs
storage3==0.7.4
    # via supabase
strenum==0.4.15
    # via postgrest
supabase==2.4.1
    # via py-flask-vola
supafunc==0.4.5
    # via supabase
typing-extensions==4.11.0
    # via alembic
    # via mypy
    # via pydantic
    # via pydantic-core
    # via realtime
    # via sqlalchemy
    # via sqlalchemy-stubs
    # via storage3
webargs==8.4.0
    # via apifairy
websockets==12.0
    # via realtime
werkzeug==3.0.2
    # via flask
wtforms==3.1.2
    # via flask-admin
